PODS:
  - AFNetworking (4.0.1):
    - AFNetworking/NSURLSession (= 4.0.1)
    - AFNetworking/Reachability (= 4.0.1)
    - AFNetworking/Security (= 4.0.1)
    - AFNetworking/Serialization (= 4.0.1)
    - AFNetworking/UIKit (= 4.0.1)
  - AFNetworking/NSURLSession (4.0.1):
    - AFNetworking/Reachability
    - AFNetworking/Security
    - AFNetworking/Serialization
  - AFNetworking/Reachability (4.0.1)
  - AFNetworking/Security (4.0.1)
  - AFNetworking/Serialization (4.0.1)
  - AFNetworking/UIKit (4.0.1):
    - AFNetworking/NSURLSession
  - FBRetainCycleDetector (0.1.4)
  - IQKeyboardManager (6.5.11)
  - JSONModel (1.8.0)
  - MLeaksFinder (1.0.0):
    - FBRetainCycleDetector
  - MMKV (1.3.2):
    - MMKVCore (~> 1.3.2)
  - MMKVCore (1.3.2)
  - Protobuf (3.25.1)
  - ReactiveObjC (3.1.1)
  - SDWebImage (5.15.0):
    - SDWebImage/Core (= 5.15.0)
  - SDWebImage/Core (5.15.0)
  - SSZipArchive (2.4.3)
  - TZImagePickerController (3.8.3):
    - TZImagePickerController/Basic (= 3.8.3)
    - TZImagePickerController/Location (= 3.8.3)
  - TZImagePickerController/Basic (3.8.3)
  - TZImagePickerController/Location (3.8.3)
  - VCSSDK (1.3.23-cdnmeeting.7):
    - AFNetworking (>= 4.0.0)
    - MMKV
    - Protobuf
    - SSZipArchive (>= 2.4.3)
    - VCSSDK/Audio (= 1.3.23-cdnmeeting.7)
    - VCSSDK/Beauty (= 1.3.23-cdnmeeting.7)
    - VCSSDK/Common (= 1.3.23-cdnmeeting.7)
    - VCSSDK/Drawing (= 1.3.23-cdnmeeting.7)
    - VCSSDK/Logger (= 1.3.23-cdnmeeting.7)
    - VCSSDK/Login (= 1.3.23-cdnmeeting.7)
    - VCSSDK/Meeting (= 1.3.23-cdnmeeting.7)
    - VCSSDK/Message (= 1.3.23-cdnmeeting.7)
    - VCSSDK/NetCall (= 1.3.23-cdnmeeting.7)
    - VCSSDK/Package (= 1.3.23-cdnmeeting.7)
    - VCSSDK/Pbobjc (= 1.3.23-cdnmeeting.7)
  - VCSSDK/Audio (1.3.23-cdnmeeting.7):
    - AFNetworking (>= 4.0.0)
    - MMKV
    - Protobuf
    - SSZipArchive (>= 2.4.3)
    - VCSSDK/Audio/Manager (= 1.3.23-cdnmeeting.7)
    - VCSSDK/Logger
  - VCSSDK/Audio/Manager (1.3.23-cdnmeeting.7):
    - AFNetworking (>= 4.0.0)
    - MMKV
    - Protobuf
    - SSZipArchive (>= 2.4.3)
    - VCSSDK/Audio/Manager/Player (= 1.3.23-cdnmeeting.7)
    - VCSSDK/Audio/Manager/Protocol (= 1.3.23-cdnmeeting.7)
    - VCSSDK/Audio/Manager/Recorder (= 1.3.23-cdnmeeting.7)
    - VCSSDK/Logger
  - VCSSDK/Audio/Manager/Player (1.3.23-cdnmeeting.7):
    - AFNetworking (>= 4.0.0)
    - MMKV
    - Protobuf
    - SSZipArchive (>= 2.4.3)
    - VCSSDK/Audio/Manager/Protocol
    - VCSSDK/Logger
  - VCSSDK/Audio/Manager/Protocol (1.3.23-cdnmeeting.7):
    - AFNetworking (>= 4.0.0)
    - MMKV
    - Protobuf
    - SSZipArchive (>= 2.4.3)
    - VCSSDK/Logger
  - VCSSDK/Audio/Manager/Recorder (1.3.23-cdnmeeting.7):
    - AFNetworking (>= 4.0.0)
    - MMKV
    - Protobuf
    - SSZipArchive (>= 2.4.3)
    - VCSSDK/Audio/Manager/Protocol
    - VCSSDK/Logger
  - VCSSDK/Beauty (1.3.23-cdnmeeting.7):
    - AFNetworking (>= 4.0.0)
    - MMKV
    - Protobuf
    - SSZipArchive (>= 2.4.3)
    - VCSSDK/Beauty/Depend (= 1.3.23-cdnmeeting.7)
    - VCSSDK/Beauty/Manager (= 1.3.23-cdnmeeting.7)
    - VCSSDK/Logger
  - VCSSDK/Beauty/Depend (1.3.23-cdnmeeting.7):
    - AFNetworking (>= 4.0.0)
    - MMKV
    - Protobuf
    - SSZipArchive (>= 2.4.3)
    - VCSSDK/Logger
  - VCSSDK/Beauty/Manager (1.3.23-cdnmeeting.7):
    - AFNetworking (>= 4.0.0)
    - MMKV
    - Protobuf
    - SSZipArchive (>= 2.4.3)
    - VCSSDK/Beauty/Depend
    - VCSSDK/Logger
  - VCSSDK/Common (1.3.23-cdnmeeting.7):
    - AFNetworking (>= 4.0.0)
    - MMKV
    - Protobuf
    - SSZipArchive (>= 2.4.3)
    - VCSSDK/Common/Category (= 1.3.23-cdnmeeting.7)
    - VCSSDK/Common/Constants (= 1.3.23-cdnmeeting.7)
    - VCSSDK/Common/Helper (= 1.3.23-cdnmeeting.7)
    - VCSSDK/Common/Macros (= 1.3.23-cdnmeeting.7)
    - VCSSDK/Common/Vendors (= 1.3.23-cdnmeeting.7)
  - VCSSDK/Common/Category (1.3.23-cdnmeeting.7):
    - AFNetworking (>= 4.0.0)
    - MMKV
    - Protobuf
    - SSZipArchive (>= 2.4.3)
  - VCSSDK/Common/Constants (1.3.23-cdnmeeting.7):
    - AFNetworking (>= 4.0.0)
    - MMKV
    - Protobuf
    - SSZipArchive (>= 2.4.3)
  - VCSSDK/Common/Helper (1.3.23-cdnmeeting.7):
    - AFNetworking (>= 4.0.0)
    - MMKV
    - Protobuf
    - SSZipArchive (>= 2.4.3)
    - VCSSDK/Common/Helper/AudioFileBridge (= 1.3.23-cdnmeeting.7)
    - VCSSDK/Common/Helper/AudioTimerBridge (= 1.3.23-cdnmeeting.7)
    - VCSSDK/Common/Helper/MQTTBridge (= 1.3.23-cdnmeeting.7)
    - VCSSDK/Common/Helper/NetworkBridge (= 1.3.23-cdnmeeting.7)
    - VCSSDK/Common/Helper/ReachabilityBridge (= 1.3.23-cdnmeeting.7)
    - VCSSDK/Common/Macros
  - VCSSDK/Common/Helper/AudioFileBridge (1.3.23-cdnmeeting.7):
    - AFNetworking (>= 4.0.0)
    - MMKV
    - Protobuf
    - SSZipArchive (>= 2.4.3)
    - VCSSDK/Common/Macros
  - VCSSDK/Common/Helper/AudioTimerBridge (1.3.23-cdnmeeting.7):
    - AFNetworking (>= 4.0.0)
    - MMKV
    - Protobuf
    - SSZipArchive (>= 2.4.3)
    - VCSSDK/Common/Macros
  - VCSSDK/Common/Helper/MQTTBridge (1.3.23-cdnmeeting.7):
    - AFNetworking (>= 4.0.0)
    - MMKV
    - Protobuf
    - SSZipArchive (>= 2.4.3)
    - VCSSDK/Common/Macros
    - VCSSDK/Common/Vendors/MQTTClient
  - VCSSDK/Common/Helper/NetworkBridge (1.3.23-cdnmeeting.7):
    - AFNetworking (>= 4.0.0)
    - MMKV
    - Protobuf
    - SSZipArchive (>= 2.4.3)
    - VCSSDK/Common/Macros
  - VCSSDK/Common/Helper/ReachabilityBridge (1.3.23-cdnmeeting.7):
    - AFNetworking (>= 4.0.0)
    - MMKV
    - Protobuf
    - SSZipArchive (>= 2.4.3)
    - VCSSDK/Common/Macros
  - VCSSDK/Common/Macros (1.3.23-cdnmeeting.7):
    - AFNetworking (>= 4.0.0)
    - MMKV
    - Protobuf
    - SSZipArchive (>= 2.4.3)
  - VCSSDK/Common/Vendors (1.3.23-cdnmeeting.7):
    - AFNetworking (>= 4.0.0)
    - MMKV
    - Protobuf
    - SSZipArchive (>= 2.4.3)
    - VCSSDK/Common/Vendors/CocoaAsyncSocket (= 1.3.23-cdnmeeting.7)
    - VCSSDK/Common/Vendors/JSONModel (= 1.3.23-cdnmeeting.7)
    - VCSSDK/Common/Vendors/MQTTClient (= 1.3.23-cdnmeeting.7)
    - VCSSDK/Common/Vendors/RTCModel (= 1.3.23-cdnmeeting.7)
  - VCSSDK/Common/Vendors/CocoaAsyncSocket (1.3.23-cdnmeeting.7):
    - AFNetworking (>= 4.0.0)
    - MMKV
    - Protobuf
    - SSZipArchive (>= 2.4.3)
  - VCSSDK/Common/Vendors/JSONModel (1.3.23-cdnmeeting.7):
    - AFNetworking (>= 4.0.0)
    - MMKV
    - Protobuf
    - SSZipArchive (>= 2.4.3)
  - VCSSDK/Common/Vendors/MQTTClient (1.3.23-cdnmeeting.7):
    - AFNetworking (>= 4.0.0)
    - MMKV
    - Protobuf
    - SSZipArchive (>= 2.4.3)
  - VCSSDK/Common/Vendors/RTCModel (1.3.23-cdnmeeting.7):
    - AFNetworking (>= 4.0.0)
    - MMKV
    - Protobuf
    - SSZipArchive (>= 2.4.3)
  - VCSSDK/Drawing (1.3.23-cdnmeeting.7):
    - AFNetworking (>= 4.0.0)
    - MMKV
    - Protobuf
    - SSZipArchive (>= 2.4.3)
    - VCSSDK/Drawing/WhiteBoard (= 1.3.23-cdnmeeting.7)
    - VCSSDK/Logger
  - VCSSDK/Drawing/WhiteBoard (1.3.23-cdnmeeting.7):
    - AFNetworking (>= 4.0.0)
    - MMKV
    - Protobuf
    - SSZipArchive (>= 2.4.3)
    - VCSSDK/Drawing/WhiteBoard/DrawingBoard (= 1.3.23-cdnmeeting.7)
    - VCSSDK/Logger
  - VCSSDK/Drawing/WhiteBoard/DrawingBoard (1.3.23-cdnmeeting.7):
    - AFNetworking (>= 4.0.0)
    - MMKV
    - Protobuf
    - SSZipArchive (>= 2.4.3)
    - VCSSDK/Drawing/WhiteBoard/DrawingBoard/Network (= 1.3.23-cdnmeeting.7)
    - VCSSDK/Logger
  - VCSSDK/Drawing/WhiteBoard/DrawingBoard/Network (1.3.23-cdnmeeting.7):
    - AFNetworking (>= 4.0.0)
    - MMKV
    - Protobuf
    - SSZipArchive (>= 2.4.3)
    - VCSSDK/Drawing/WhiteBoard/DrawingBoard/Network/Pbobjc (= 1.3.23-cdnmeeting.7)
    - VCSSDK/Logger
  - VCSSDK/Drawing/WhiteBoard/DrawingBoard/Network/Pbobjc (1.3.23-cdnmeeting.7):
    - AFNetworking (>= 4.0.0)
    - MMKV
    - Protobuf
    - SSZipArchive (>= 2.4.3)
    - VCSSDK/Logger
  - VCSSDK/Logger (1.3.23-cdnmeeting.7):
    - AFNetworking (>= 4.0.0)
    - MMKV
    - Protobuf
    - SSZipArchive (>= 2.4.3)
    - VCSSDK/Common
    - VCSSDK/Logger/Manager (= 1.3.23-cdnmeeting.7)
  - VCSSDK/Logger/Manager (1.3.23-cdnmeeting.7):
    - AFNetworking (>= 4.0.0)
    - MMKV
    - Protobuf
    - SSZipArchive (>= 2.4.3)
    - VCSSDK/Common
  - VCSSDK/Login (1.3.23-cdnmeeting.7):
    - AFNetworking (>= 4.0.0)
    - MMKV
    - Protobuf
    - SSZipArchive (>= 2.4.3)
    - VCSSDK/Logger
    - VCSSDK/Login/Manager (= 1.3.23-cdnmeeting.7)
  - VCSSDK/Login/Manager (1.3.23-cdnmeeting.7):
    - AFNetworking (>= 4.0.0)
    - MMKV
    - Protobuf
    - SSZipArchive (>= 2.4.3)
    - VCSSDK/Logger
  - VCSSDK/Meeting (1.3.23-cdnmeeting.7):
    - AFNetworking (>= 4.0.0)
    - MMKV
    - Protobuf
    - SSZipArchive (>= 2.4.3)
    - VCSSDK/Logger
    - VCSSDK/Login
    - VCSSDK/Meeting/Depend (= 1.3.23-cdnmeeting.7)
    - VCSSDK/Meeting/Manager (= 1.3.23-cdnmeeting.7)
    - VCSSDK/NetCall
    - VCSSDK/Package
    - VCSSDK/Pbobjc
  - VCSSDK/Meeting/Depend (1.3.23-cdnmeeting.7):
    - AFNetworking (>= 4.0.0)
    - MMKV
    - Protobuf
    - SSZipArchive (>= 2.4.3)
    - VCSSDK/Logger
    - VCSSDK/Login
    - VCSSDK/NetCall
    - VCSSDK/Package
    - VCSSDK/Pbobjc
  - VCSSDK/Meeting/Manager (1.3.23-cdnmeeting.7):
    - AFNetworking (>= 4.0.0)
    - MMKV
    - Protobuf
    - SSZipArchive (>= 2.4.3)
    - VCSSDK/Logger
    - VCSSDK/Login
    - VCSSDK/Meeting/Depend
    - VCSSDK/Meeting/Manager/Casting (= 1.3.23-cdnmeeting.7)
    - VCSSDK/Meeting/Manager/Helper (= 1.3.23-cdnmeeting.7)
    - VCSSDK/Meeting/Manager/Model (= 1.3.23-cdnmeeting.7)
    - VCSSDK/Meeting/Manager/Network (= 1.3.23-cdnmeeting.7)
    - VCSSDK/Meeting/Manager/Param (= 1.3.23-cdnmeeting.7)
    - VCSSDK/Meeting/Manager/Redirect (= 1.3.23-cdnmeeting.7)
    - VCSSDK/Meeting/Manager/ReplayKit (= 1.3.23-cdnmeeting.7)
    - VCSSDK/Meeting/Manager/WebRTC (= 1.3.23-cdnmeeting.7)
    - VCSSDK/NetCall
    - VCSSDK/Package
    - VCSSDK/Pbobjc
  - VCSSDK/Meeting/Manager/Casting (1.3.23-cdnmeeting.7):
    - AFNetworking (>= 4.0.0)
    - MMKV
    - Protobuf
    - SSZipArchive (>= 2.4.3)
    - VCSSDK/Logger
    - VCSSDK/Login
    - VCSSDK/Meeting/Depend
    - VCSSDK/NetCall
    - VCSSDK/Package
    - VCSSDK/Pbobjc
  - VCSSDK/Meeting/Manager/Helper (1.3.23-cdnmeeting.7):
    - AFNetworking (>= 4.0.0)
    - MMKV
    - Protobuf
    - SSZipArchive (>= 2.4.3)
    - VCSSDK/Logger
    - VCSSDK/Login
    - VCSSDK/Meeting/Depend
    - VCSSDK/Meeting/Manager/Model
    - VCSSDK/NetCall
    - VCSSDK/Package
    - VCSSDK/Pbobjc
  - VCSSDK/Meeting/Manager/Model (1.3.23-cdnmeeting.7):
    - AFNetworking (>= 4.0.0)
    - MMKV
    - Protobuf
    - SSZipArchive (>= 2.4.3)
    - VCSSDK/Logger
    - VCSSDK/Login
    - VCSSDK/Meeting/Depend
    - VCSSDK/NetCall
    - VCSSDK/Package
    - VCSSDK/Pbobjc
  - VCSSDK/Meeting/Manager/Network (1.3.23-cdnmeeting.7):
    - AFNetworking (>= 4.0.0)
    - MMKV
    - Protobuf
    - SSZipArchive (>= 2.4.3)
    - VCSSDK/Logger
    - VCSSDK/Login
    - VCSSDK/Meeting/Depend
    - VCSSDK/Meeting/Manager/Helper
    - VCSSDK/Meeting/Manager/Model
    - VCSSDK/Meeting/Manager/Param
    - VCSSDK/NetCall
    - VCSSDK/Package
    - VCSSDK/Pbobjc
  - VCSSDK/Meeting/Manager/Param (1.3.23-cdnmeeting.7):
    - AFNetworking (>= 4.0.0)
    - MMKV
    - Protobuf
    - SSZipArchive (>= 2.4.3)
    - VCSSDK/Logger
    - VCSSDK/Login
    - VCSSDK/Meeting/Depend
    - VCSSDK/NetCall
    - VCSSDK/Package
    - VCSSDK/Pbobjc
  - VCSSDK/Meeting/Manager/Redirect (1.3.23-cdnmeeting.7):
    - AFNetworking (>= 4.0.0)
    - MMKV
    - Protobuf
    - SSZipArchive (>= 2.4.3)
    - VCSSDK/Logger
    - VCSSDK/Login
    - VCSSDK/Meeting/Depend
    - VCSSDK/NetCall
    - VCSSDK/Package
    - VCSSDK/Pbobjc
  - VCSSDK/Meeting/Manager/ReplayKit (1.3.23-cdnmeeting.7):
    - AFNetworking (>= 4.0.0)
    - MMKV
    - Protobuf
    - SSZipArchive (>= 2.4.3)
    - VCSSDK/Logger
    - VCSSDK/Login
    - VCSSDK/Meeting/Depend
    - VCSSDK/NetCall
    - VCSSDK/Package
    - VCSSDK/Pbobjc
  - VCSSDK/Meeting/Manager/WebRTC (1.3.23-cdnmeeting.7):
    - AFNetworking (>= 4.0.0)
    - MMKV
    - Protobuf
    - SSZipArchive (>= 2.4.3)
    - VCSSDK/Logger
    - VCSSDK/Login
    - VCSSDK/Meeting/Depend
    - VCSSDK/NetCall
    - VCSSDK/Package
    - VCSSDK/Pbobjc
  - VCSSDK/Message (1.3.23-cdnmeeting.7):
    - AFNetworking (>= 4.0.0)
    - MMKV
    - Protobuf
    - SSZipArchive (>= 2.4.3)
    - VCSSDK/Login
    - VCSSDK/Message/Manager (= 1.3.23-cdnmeeting.7)
    - VCSSDK/Package
    - VCSSDK/Pbobjc
  - VCSSDK/Message/Manager (1.3.23-cdnmeeting.7):
    - AFNetworking (>= 4.0.0)
    - MMKV
    - Protobuf
    - SSZipArchive (>= 2.4.3)
    - VCSSDK/Login
    - VCSSDK/Package
    - VCSSDK/Pbobjc
  - VCSSDK/NetCall (1.3.23-cdnmeeting.7):
    - AFNetworking (>= 4.0.0)
    - MMKV
    - Protobuf
    - SSZipArchive (>= 2.4.3)
    - VCSSDK/Logger
    - VCSSDK/Login
    - VCSSDK/NetCall/Manager (= 1.3.23-cdnmeeting.7)
    - VCSSDK/Package
    - VCSSDK/Pbobjc
  - VCSSDK/NetCall/Manager (1.3.23-cdnmeeting.7):
    - AFNetworking (>= 4.0.0)
    - MMKV
    - Protobuf
    - SSZipArchive (>= 2.4.3)
    - VCSSDK/Logger
    - VCSSDK/Login
    - VCSSDK/NetCall/Manager/Model (= 1.3.23-cdnmeeting.7)
    - VCSSDK/Package
    - VCSSDK/Pbobjc
  - VCSSDK/NetCall/Manager/Model (1.3.23-cdnmeeting.7):
    - AFNetworking (>= 4.0.0)
    - MMKV
    - Protobuf
    - SSZipArchive (>= 2.4.3)
    - VCSSDK/Logger
    - VCSSDK/Login
    - VCSSDK/Package
    - VCSSDK/Pbobjc
  - VCSSDK/Package (1.3.23-cdnmeeting.7):
    - AFNetworking (>= 4.0.0)
    - MMKV
    - Protobuf
    - SSZipArchive (>= 2.4.3)
    - VCSSDK/Pbobjc
  - VCSSDK/Pbobjc (1.3.23-cdnmeeting.7):
    - AFNetworking (>= 4.0.0)
    - MMKV
    - Protobuf
    - SSZipArchive (>= 2.4.3)
    - VCSSDK/Common
  - YYModel (1.0.4)

DEPENDENCIES:
  - AFNetworking
  - IQKeyboardManager
  - JSONModel
  - MLeaksFinder
  - ReactiveObjC
  - SDWebImage
  - TZImagePickerController
  - VCSSDK (from `../../`)
  - YYModel

SPEC REPOS:
  trunk:
    - AFNetworking
    - FBRetainCycleDetector
    - IQKeyboardManager
    - JSONModel
    - MLeaksFinder
    - MMKV
    - MMKVCore
    - Protobuf
    - ReactiveObjC
    - SDWebImage
    - SSZipArchive
    - TZImagePickerController
    - YYModel

EXTERNAL SOURCES:
  VCSSDK:
    :path: "../../"

SPEC CHECKSUMS:
  AFNetworking: 3bd23d814e976cd148d7d44c3ab78017b744cd58
  FBRetainCycleDetector: 46f8179bbb1c587deee3ea838a1a3ee02acf5015
  IQKeyboardManager: ef43ce1ba1e5aaf4adf222c0a46f39761f246879
  JSONModel: 02ab723958366a3fd27da57ea2af2113658762e9
  MLeaksFinder: 8c435bd2f6d070af18cff082b503b21adc130fc0
  MMKV: f21593c0af4b3f2a0ceb8f820f28bb639ea22bb7
  MMKVCore: 31b4cb83f8266467eef20a35b6d78e409a11060d
  Protobuf: d94761c33f1239c0a43a0817ca1a5f7f7c900241
  ReactiveObjC: 011caa393aa0383245f2dcf9bf02e86b80b36040
  SDWebImage: 9bec4c5cdd9579e1f57104735ee0c37df274d593
  SSZipArchive: fe6a26b2a54d5a0890f2567b5cc6de5caa600aef
  TZImagePickerController: e9909edbadf7381140efc5b5c9f5bdbfd630f7d4
  VCSSDK: 8e28da0063bb542bd983bb1e5c30d85a1172c0ff
  YYModel: 2a7fdd96aaa4b86a824e26d0c517de8928c04b30

PODFILE CHECKSUM: 3d1a8638b6a47837184210868c97c5c1c24c2cc4

COCOAPODS: 1.12.1
