PODS:
  - AFNetworking (4.0.1.1):
    - AFNetworking/NSURLSession (= 4.0.1.1)
    - AFNetworking/Reachability (= 4.0.1.1)
    - AFNetworking/Security (= 4.0.1.1)
    - AFNetworking/Serialization (= 4.0.1.1)
    - AFNetworking/UIKit (= 4.0.1.1)
  - AFNetworking/NSURLSession (4.0.1.1):
    - AFNetworking/Reachability
    - AFNetworking/Security
    - AFNetworking/Serialization
  - AFNetworking/Reachability (4.0.1.1)
  - AFNetworking/Security (4.0.1.1)
  - AFNetworking/Serialization (4.0.1.1)
  - AFNetworking/UIKit (4.0.1.1):
    - AFNetworking/NSURLSession
  - FBRetainCycleDetector (0.1.4)
  - IQKeyboardManager (6.5.19)
  - JSONModel (1.8.0)
  - MLeaksFinder (1.0.0):
    - FBRetainCycleDetector
  - MMKV (2.4.0):
    - MMKVCore (~> 2.4.0)
  - MMKVCore (2.4.0)
  - Protobuf (3.29.6)
  - ReactiveObjC (3.1.1)
  - SDWebImage (5.20.0):
    - SDWebImage/Core (= 5.20.0)
  - SDWebImage/Core (5.20.0)
  - SSZipArchive (2.4.3)
  - SVProgressHUD (2.3.1):
    - SVProgressHUD/Core (= 2.3.1)
  - SVProgressHUD/Core (2.3.1)
  - TZImagePickerController (3.8.8):
    - TZImagePickerController/Basic (= 3.8.8)
    - TZImagePickerController/Location (= 3.8.8)
  - TZImagePickerController/Basic (3.8.8)
  - TZImagePickerController/Location (3.8.8)
  - VCSSDK (1.4.17-manage.1):
    - AFNetworking (>= 4.0.0)
    - MMKV
    - Protobuf
    - SSZipArchive (>= 2.4.3)
    - VCSSDK/Audio (= 1.4.17-manage.1)
    - VCSSDK/Beauty (= 1.4.17-manage.1)
    - VCSSDK/Common (= 1.4.17-manage.1)
    - VCSSDK/Drawing (= 1.4.17-manage.1)
    - VCSSDK/Logger (= 1.4.17-manage.1)
    - VCSSDK/Login (= 1.4.17-manage.1)
    - VCSSDK/Meeting (= 1.4.17-manage.1)
    - VCSSDK/Message (= 1.4.17-manage.1)
    - VCSSDK/NetCall (= 1.4.17-manage.1)
    - VCSSDK/Package (= 1.4.17-manage.1)
    - VCSSDK/Pbobjc (= 1.4.17-manage.1)
  - VCSSDK/Audio (1.4.17-manage.1):
    - AFNetworking (>= 4.0.0)
    - MMKV
    - Protobuf
    - SSZipArchive (>= 2.4.3)
    - VCSSDK/Audio/Manager (= 1.4.17-manage.1)
    - VCSSDK/Logger
  - VCSSDK/Audio/Manager (1.4.17-manage.1):
    - AFNetworking (>= 4.0.0)
    - MMKV
    - Protobuf
    - SSZipArchive (>= 2.4.3)
    - VCSSDK/Audio/Manager/Player (= 1.4.17-manage.1)
    - VCSSDK/Audio/Manager/Protocol (= 1.4.17-manage.1)
    - VCSSDK/Audio/Manager/Recorder (= 1.4.17-manage.1)
    - VCSSDK/Logger
  - VCSSDK/Audio/Manager/Player (1.4.17-manage.1):
    - AFNetworking (>= 4.0.0)
    - MMKV
    - Protobuf
    - SSZipArchive (>= 2.4.3)
    - VCSSDK/Audio/Manager/Protocol
    - VCSSDK/Logger
  - VCSSDK/Audio/Manager/Protocol (1.4.17-manage.1):
    - AFNetworking (>= 4.0.0)
    - MMKV
    - Protobuf
    - SSZipArchive (>= 2.4.3)
    - VCSSDK/Logger
  - VCSSDK/Audio/Manager/Recorder (1.4.17-manage.1):
    - AFNetworking (>= 4.0.0)
    - MMKV
    - Protobuf
    - SSZipArchive (>= 2.4.3)
    - VCSSDK/Audio/Manager/Protocol
    - VCSSDK/Logger
  - VCSSDK/Beauty (1.4.17-manage.1):
    - AFNetworking (>= 4.0.0)
    - MMKV
    - Protobuf
    - SSZipArchive (>= 2.4.3)
    - VCSSDK/Beauty/Depend (= 1.4.17-manage.1)
    - VCSSDK/Beauty/Manager (= 1.4.17-manage.1)
    - VCSSDK/Logger
  - VCSSDK/Beauty/Depend (1.4.17-manage.1):
    - AFNetworking (>= 4.0.0)
    - MMKV
    - Protobuf
    - SSZipArchive (>= 2.4.3)
    - VCSSDK/Logger
  - VCSSDK/Beauty/Manager (1.4.17-manage.1):
    - AFNetworking (>= 4.0.0)
    - MMKV
    - Protobuf
    - SSZipArchive (>= 2.4.3)
    - VCSSDK/Beauty/Depend
    - VCSSDK/Logger
  - VCSSDK/Common (1.4.17-manage.1):
    - AFNetworking (>= 4.0.0)
    - MMKV
    - Protobuf
    - SSZipArchive (>= 2.4.3)
    - VCSSDK/Common/Category (= 1.4.17-manage.1)
    - VCSSDK/Common/Constants (= 1.4.17-manage.1)
    - VCSSDK/Common/Helper (= 1.4.17-manage.1)
    - VCSSDK/Common/Macros (= 1.4.17-manage.1)
    - VCSSDK/Common/Vendors (= 1.4.17-manage.1)
  - VCSSDK/Common/Category (1.4.17-manage.1):
    - AFNetworking (>= 4.0.0)
    - MMKV
    - Protobuf
    - SSZipArchive (>= 2.4.3)
  - VCSSDK/Common/Constants (1.4.17-manage.1):
    - AFNetworking (>= 4.0.0)
    - MMKV
    - Protobuf
    - SSZipArchive (>= 2.4.3)
  - VCSSDK/Common/Helper (1.4.17-manage.1):
    - AFNetworking (>= 4.0.0)
    - MMKV
    - Protobuf
    - SSZipArchive (>= 2.4.3)
    - VCSSDK/Common/Helper/AudioFileBridge (= 1.4.17-manage.1)
    - VCSSDK/Common/Helper/AudioTimerBridge (= 1.4.17-manage.1)
    - VCSSDK/Common/Helper/MQTTBridge (= 1.4.17-manage.1)
    - VCSSDK/Common/Helper/NetworkBridge (= 1.4.17-manage.1)
    - VCSSDK/Common/Helper/NetworkHelper (= 1.4.17-manage.1)
    - VCSSDK/Common/Helper/ReachabilityBridge (= 1.4.17-manage.1)
    - VCSSDK/Common/Macros
  - VCSSDK/Common/Helper/AudioFileBridge (1.4.17-manage.1):
    - AFNetworking (>= 4.0.0)
    - MMKV
    - Protobuf
    - SSZipArchive (>= 2.4.3)
    - VCSSDK/Common/Macros
  - VCSSDK/Common/Helper/AudioTimerBridge (1.4.17-manage.1):
    - AFNetworking (>= 4.0.0)
    - MMKV
    - Protobuf
    - SSZipArchive (>= 2.4.3)
    - VCSSDK/Common/Macros
  - VCSSDK/Common/Helper/MQTTBridge (1.4.17-manage.1):
    - AFNetworking (>= 4.0.0)
    - MMKV
    - Protobuf
    - SSZipArchive (>= 2.4.3)
    - VCSSDK/Common/Macros
    - VCSSDK/Common/Vendors/MQTTClient
  - VCSSDK/Common/Helper/NetworkBridge (1.4.17-manage.1):
    - AFNetworking (>= 4.0.0)
    - MMKV
    - Protobuf
    - SSZipArchive (>= 2.4.3)
    - VCSSDK/Common/Macros
  - VCSSDK/Common/Helper/NetworkHelper (1.4.17-manage.1):
    - AFNetworking (>= 4.0.0)
    - MMKV
    - Protobuf
    - SSZipArchive (>= 2.4.3)
    - VCSSDK/Common/Helper/NetworkHelper/Models (= 1.4.17-manage.1)
    - VCSSDK/Common/Macros
  - VCSSDK/Common/Helper/NetworkHelper/Models (1.4.17-manage.1):
    - AFNetworking (>= 4.0.0)
    - MMKV
    - Protobuf
    - SSZipArchive (>= 2.4.3)
    - VCSSDK/Common/Macros
  - VCSSDK/Common/Helper/ReachabilityBridge (1.4.17-manage.1):
    - AFNetworking (>= 4.0.0)
    - MMKV
    - Protobuf
    - SSZipArchive (>= 2.4.3)
    - VCSSDK/Common/Macros
  - VCSSDK/Common/Macros (1.4.17-manage.1):
    - AFNetworking (>= 4.0.0)
    - MMKV
    - Protobuf
    - SSZipArchive (>= 2.4.3)
  - VCSSDK/Common/Vendors (1.4.17-manage.1):
    - AFNetworking (>= 4.0.0)
    - MMKV
    - Protobuf
    - SSZipArchive (>= 2.4.3)
    - VCSSDK/Common/Vendors/CocoaAsyncSocket (= 1.4.17-manage.1)
    - VCSSDK/Common/Vendors/JSONModel (= 1.4.17-manage.1)
    - VCSSDK/Common/Vendors/MQTTClient (= 1.4.17-manage.1)
    - VCSSDK/Common/Vendors/RTCModel (= 1.4.17-manage.1)
  - VCSSDK/Common/Vendors/CocoaAsyncSocket (1.4.17-manage.1):
    - AFNetworking (>= 4.0.0)
    - MMKV
    - Protobuf
    - SSZipArchive (>= 2.4.3)
  - VCSSDK/Common/Vendors/JSONModel (1.4.17-manage.1):
    - AFNetworking (>= 4.0.0)
    - MMKV
    - Protobuf
    - SSZipArchive (>= 2.4.3)
  - VCSSDK/Common/Vendors/MQTTClient (1.4.17-manage.1):
    - AFNetworking (>= 4.0.0)
    - MMKV
    - Protobuf
    - SSZipArchive (>= 2.4.3)
  - VCSSDK/Common/Vendors/RTCModel (1.4.17-manage.1):
    - AFNetworking (>= 4.0.0)
    - MMKV
    - Protobuf
    - SSZipArchive (>= 2.4.3)
  - VCSSDK/Drawing (1.4.17-manage.1):
    - AFNetworking (>= 4.0.0)
    - MMKV
    - Protobuf
    - SSZipArchive (>= 2.4.3)
    - VCSSDK/Drawing/WhiteBoard (= 1.4.17-manage.1)
    - VCSSDK/Logger
  - VCSSDK/Drawing/WhiteBoard (1.4.17-manage.1):
    - AFNetworking (>= 4.0.0)
    - MMKV
    - Protobuf
    - SSZipArchive (>= 2.4.3)
    - VCSSDK/Drawing/WhiteBoard/DrawingBoard (= 1.4.17-manage.1)
    - VCSSDK/Logger
  - VCSSDK/Drawing/WhiteBoard/DrawingBoard (1.4.17-manage.1):
    - AFNetworking (>= 4.0.0)
    - MMKV
    - Protobuf
    - SSZipArchive (>= 2.4.3)
    - VCSSDK/Drawing/WhiteBoard/DrawingBoard/Network (= 1.4.17-manage.1)
    - VCSSDK/Logger
  - VCSSDK/Drawing/WhiteBoard/DrawingBoard/Network (1.4.17-manage.1):
    - AFNetworking (>= 4.0.0)
    - MMKV
    - Protobuf
    - SSZipArchive (>= 2.4.3)
    - VCSSDK/Drawing/WhiteBoard/DrawingBoard/Network/Pbobjc (= 1.4.17-manage.1)
    - VCSSDK/Logger
  - VCSSDK/Drawing/WhiteBoard/DrawingBoard/Network/Pbobjc (1.4.17-manage.1):
    - AFNetworking (>= 4.0.0)
    - MMKV
    - Protobuf
    - SSZipArchive (>= 2.4.3)
    - VCSSDK/Logger
  - VCSSDK/Logger (1.4.17-manage.1):
    - AFNetworking (>= 4.0.0)
    - MMKV
    - Protobuf
    - SSZipArchive (>= 2.4.3)
    - VCSSDK/Common
    - VCSSDK/Logger/Manager (= 1.4.17-manage.1)
  - VCSSDK/Logger/Manager (1.4.17-manage.1):
    - AFNetworking (>= 4.0.0)
    - MMKV
    - Protobuf
    - SSZipArchive (>= 2.4.3)
    - VCSSDK/Common
  - VCSSDK/Login (1.4.17-manage.1):
    - AFNetworking (>= 4.0.0)
    - MMKV
    - Protobuf
    - SSZipArchive (>= 2.4.3)
    - VCSSDK/Logger
    - VCSSDK/Login/Manager (= 1.4.17-manage.1)
  - VCSSDK/Login/Manager (1.4.17-manage.1):
    - AFNetworking (>= 4.0.0)
    - MMKV
    - Protobuf
    - SSZipArchive (>= 2.4.3)
    - VCSSDK/Logger
  - VCSSDK/Meeting (1.4.17-manage.1):
    - AFNetworking (>= 4.0.0)
    - MMKV
    - Protobuf
    - SSZipArchive (>= 2.4.3)
    - VCSSDK/Logger
    - VCSSDK/Login
    - VCSSDK/Meeting/Depend (= 1.4.17-manage.1)
    - VCSSDK/Meeting/Manager (= 1.4.17-manage.1)
    - VCSSDK/NetCall
    - VCSSDK/Package
    - VCSSDK/Pbobjc
  - VCSSDK/Meeting/Depend (1.4.17-manage.1):
    - AFNetworking (>= 4.0.0)
    - MMKV
    - Protobuf
    - SSZipArchive (>= 2.4.3)
    - VCSSDK/Logger
    - VCSSDK/Login
    - VCSSDK/NetCall
    - VCSSDK/Package
    - VCSSDK/Pbobjc
  - VCSSDK/Meeting/Manager (1.4.17-manage.1):
    - AFNetworking (>= 4.0.0)
    - MMKV
    - Protobuf
    - SSZipArchive (>= 2.4.3)
    - VCSSDK/Logger
    - VCSSDK/Login
    - VCSSDK/Meeting/Depend
    - VCSSDK/Meeting/Manager/Casting (= 1.4.17-manage.1)
    - VCSSDK/Meeting/Manager/Helper (= 1.4.17-manage.1)
    - VCSSDK/Meeting/Manager/Model (= 1.4.17-manage.1)
    - VCSSDK/Meeting/Manager/Network (= 1.4.17-manage.1)
    - VCSSDK/Meeting/Manager/Param (= 1.4.17-manage.1)
    - VCSSDK/Meeting/Manager/Redirect (= 1.4.17-manage.1)
    - VCSSDK/Meeting/Manager/ReplayKit (= 1.4.17-manage.1)
    - VCSSDK/Meeting/Manager/WebRTC (= 1.4.17-manage.1)
    - VCSSDK/NetCall
    - VCSSDK/Package
    - VCSSDK/Pbobjc
  - VCSSDK/Meeting/Manager/Casting (1.4.17-manage.1):
    - AFNetworking (>= 4.0.0)
    - MMKV
    - Protobuf
    - SSZipArchive (>= 2.4.3)
    - VCSSDK/Logger
    - VCSSDK/Login
    - VCSSDK/Meeting/Depend
    - VCSSDK/NetCall
    - VCSSDK/Package
    - VCSSDK/Pbobjc
  - VCSSDK/Meeting/Manager/Helper (1.4.17-manage.1):
    - AFNetworking (>= 4.0.0)
    - MMKV
    - Protobuf
    - SSZipArchive (>= 2.4.3)
    - VCSSDK/Logger
    - VCSSDK/Login
    - VCSSDK/Meeting/Depend
    - VCSSDK/Meeting/Manager/Model
    - VCSSDK/NetCall
    - VCSSDK/Package
    - VCSSDK/Pbobjc
  - VCSSDK/Meeting/Manager/Model (1.4.17-manage.1):
    - AFNetworking (>= 4.0.0)
    - MMKV
    - Protobuf
    - SSZipArchive (>= 2.4.3)
    - VCSSDK/Logger
    - VCSSDK/Login
    - VCSSDK/Meeting/Depend
    - VCSSDK/NetCall
    - VCSSDK/Package
    - VCSSDK/Pbobjc
  - VCSSDK/Meeting/Manager/Network (1.4.17-manage.1):
    - AFNetworking (>= 4.0.0)
    - MMKV
    - Protobuf
    - SSZipArchive (>= 2.4.3)
    - VCSSDK/Logger
    - VCSSDK/Login
    - VCSSDK/Meeting/Depend
    - VCSSDK/Meeting/Manager/Helper
    - VCSSDK/Meeting/Manager/Model
    - VCSSDK/Meeting/Manager/Param
    - VCSSDK/NetCall
    - VCSSDK/Package
    - VCSSDK/Pbobjc
  - VCSSDK/Meeting/Manager/Param (1.4.17-manage.1):
    - AFNetworking (>= 4.0.0)
    - MMKV
    - Protobuf
    - SSZipArchive (>= 2.4.3)
    - VCSSDK/Logger
    - VCSSDK/Login
    - VCSSDK/Meeting/Depend
    - VCSSDK/NetCall
    - VCSSDK/Package
    - VCSSDK/Pbobjc
  - VCSSDK/Meeting/Manager/Redirect (1.4.17-manage.1):
    - AFNetworking (>= 4.0.0)
    - MMKV
    - Protobuf
    - SSZipArchive (>= 2.4.3)
    - VCSSDK/Logger
    - VCSSDK/Login
    - VCSSDK/Meeting/Depend
    - VCSSDK/NetCall
    - VCSSDK/Package
    - VCSSDK/Pbobjc
  - VCSSDK/Meeting/Manager/ReplayKit (1.4.17-manage.1):
    - AFNetworking (>= 4.0.0)
    - MMKV
    - Protobuf
    - SSZipArchive (>= 2.4.3)
    - VCSSDK/Logger
    - VCSSDK/Login
    - VCSSDK/Meeting/Depend
    - VCSSDK/NetCall
    - VCSSDK/Package
    - VCSSDK/Pbobjc
  - VCSSDK/Meeting/Manager/WebRTC (1.4.17-manage.1):
    - AFNetworking (>= 4.0.0)
    - MMKV
    - Protobuf
    - SSZipArchive (>= 2.4.3)
    - VCSSDK/Logger
    - VCSSDK/Login
    - VCSSDK/Meeting/Depend
    - VCSSDK/NetCall
    - VCSSDK/Package
    - VCSSDK/Pbobjc
  - VCSSDK/Message (1.4.17-manage.1):
    - AFNetworking (>= 4.0.0)
    - MMKV
    - Protobuf
    - SSZipArchive (>= 2.4.3)
    - VCSSDK/Login
    - VCSSDK/Message/Manager (= 1.4.17-manage.1)
    - VCSSDK/Package
    - VCSSDK/Pbobjc
  - VCSSDK/Message/Manager (1.4.17-manage.1):
    - AFNetworking (>= 4.0.0)
    - MMKV
    - Protobuf
    - SSZipArchive (>= 2.4.3)
    - VCSSDK/Login
    - VCSSDK/Package
    - VCSSDK/Pbobjc
  - VCSSDK/NetCall (1.4.17-manage.1):
    - AFNetworking (>= 4.0.0)
    - MMKV
    - Protobuf
    - SSZipArchive (>= 2.4.3)
    - VCSSDK/Logger
    - VCSSDK/Login
    - VCSSDK/NetCall/Manager (= 1.4.17-manage.1)
    - VCSSDK/Package
    - VCSSDK/Pbobjc
  - VCSSDK/NetCall/Manager (1.4.17-manage.1):
    - AFNetworking (>= 4.0.0)
    - MMKV
    - Protobuf
    - SSZipArchive (>= 2.4.3)
    - VCSSDK/Logger
    - VCSSDK/Login
    - VCSSDK/NetCall/Manager/Model (= 1.4.17-manage.1)
    - VCSSDK/Package
    - VCSSDK/Pbobjc
  - VCSSDK/NetCall/Manager/Model (1.4.17-manage.1):
    - AFNetworking (>= 4.0.0)
    - MMKV
    - Protobuf
    - SSZipArchive (>= 2.4.3)
    - VCSSDK/Logger
    - VCSSDK/Login
    - VCSSDK/Package
    - VCSSDK/Pbobjc
  - VCSSDK/Package (1.4.17-manage.1):
    - AFNetworking (>= 4.0.0)
    - MMKV
    - Protobuf
    - SSZipArchive (>= 2.4.3)
    - VCSSDK/Pbobjc
  - VCSSDK/Pbobjc (1.4.17-manage.1):
    - AFNetworking (>= 4.0.0)
    - MMKV
    - Protobuf
    - SSZipArchive (>= 2.4.3)
    - VCSSDK/Common
  - YYModel (1.0.4)

DEPENDENCIES:
  - AFNetworking (from `https://github.com/seastart/afnetworking-ios-cocoapods.git`)
  - IQKeyboardManager
  - JSONModel
  - MLeaksFinder
  - ReactiveObjC
  - SDWebImage
  - SVProgressHUD (from `https://github.com/SilenceLove/SVProgressHUD`)
  - TZImagePickerController
  - VCSSDK (from `../../`)
  - YYModel

SPEC REPOS:
  trunk:
    - FBRetainCycleDetector
    - IQKeyboardManager
    - JSONModel
    - MLeaksFinder
    - MMKV
    - MMKVCore
    - Protobuf
    - ReactiveObjC
    - SDWebImage
    - SSZipArchive
    - TZImagePickerController
    - YYModel

EXTERNAL SOURCES:
  AFNetworking:
    :git: https://github.com/seastart/afnetworking-ios-cocoapods.git
  SVProgressHUD:
    :git: https://github.com/SilenceLove/SVProgressHUD
  VCSSDK:
    :path: "../../"

CHECKOUT OPTIONS:
  AFNetworking:
    :commit: d48619cea9feca30116ff2636993903c772e0b18
    :git: https://github.com/seastart/afnetworking-ios-cocoapods.git
  SVProgressHUD:
    :commit: ffd939e28a4aec34bf136f9dbfc272fb0154f716
    :git: https://github.com/SilenceLove/SVProgressHUD

SPEC CHECKSUMS:
  AFNetworking: dc69184fb01c2b5a9b39b514c1bb7c89f62fe6be
  FBRetainCycleDetector: 46f8179bbb1c587deee3ea838a1a3ee02acf5015
  IQKeyboardManager: c8665b3396bd0b79402b4c573eac345a31c7d485
  JSONModel: 02ab723958366a3fd27da57ea2af2113658762e9
  MLeaksFinder: 8c435bd2f6d070af18cff082b503b21adc130fc0
  MMKV: 86859fdfa2b0b21db1fd6e48788474a6416a2c77
  MMKVCore: 3d16ce9f7d411e135020915fde98a056859a1efa
  Protobuf: 8d5596f7468be5400861a6bbfb2dfe9d0d1cde34
  ReactiveObjC: 011caa393aa0383245f2dcf9bf02e86b80b36040
  SDWebImage: 73c6079366fea25fa4bb9640d5fb58f0893facd8
  SSZipArchive: fe6a26b2a54d5a0890f2567b5cc6de5caa600aef
  SVProgressHUD: 75bf569c9126226b6528098e123b0d886d6f0ca4
  TZImagePickerController: d084a7b97c82d387e7669dd86dc9a9057500aacf
  VCSSDK: 767ccd722289b61b258bf6ec39cbadf69c68c8c4
  YYModel: 2a7fdd96aaa4b86a824e26d0c517de8928c04b30

PODFILE CHECKSUM: a23e75f12f86e08207cf2147876506a8a02df835

COCOAPODS: 1.16.1
